
Microsoft Visual Studio Solution File, Format Version 12.00
# Visual Studio Version 16
VisualStudioVersion = 16.0.32002.261
MinimumVisualStudioVersion = 10.0.40219.1
Project("{FAE04EC0-301F-11D3-BF4B-00C04F79EFBC}") = "CarBookProject", "CarBookProject\CarBookProject.csproj", "{EE96B6AB-F19F-49C8-A785-1276FA94BD9A}"
EndProject
Global
	GlobalSection(SolutionConfigurationPlatforms) = preSolution
		Debug|Any CPU = Debug|Any CPU
		Release|Any CPU = Release|Any CPU
	EndGlobalSection
	GlobalSection(ProjectConfigurationPlatforms) = postSolution
		{EE96B6AB-F19F-49C8-A785-1276FA94BD9A}.Debug|Any CPU.ActiveCfg = Debug|Any CPU
		{EE96B6AB-F19F-49C8-A785-1276FA94BD9A}.Debug|Any CPU.Build.0 = Debug|Any CPU
		{EE96B6AB-F19F-49C8-A785-1276FA94BD9A}.Release|Any CPU.ActiveCfg = Release|Any CPU
		{EE96B6AB-F19F-49C8-A785-1276FA94BD9A}.Release|Any CPU.Build.0 = Release|Any CPU
	EndGlobalSection
	GlobalSection(SolutionProperties) = preSolution
		HideSolutionNode = FALSE
	EndGlobalSection
	GlobalSection(ExtensibilityGlobals) = postSolution
		SolutionGuid = {1C02C586-718B-4C47-A59F-65403F400A62}
	EndGlobalSection
EndGlobal
